
Microsoft Visual Studio Solution File, Format Version 12.00
# Visual Studio Version 16
VisualStudioVersion = 16.0.31613.86
MinimumVisualStudioVersion = 10.0.40219.1
Project("{FAE04EC0-301F-11D3-BF4B-00C04F79EFBC}") = "QLVT", "QLTVT\QLVT.csproj", "{40A706CE-1BA0-480E-9C78-1E8359C68BF9}"
EndProject
Global
	GlobalSection(SolutionConfigurationPlatforms) = preSolution
		Debug|Any CPU = Debug|Any CPU
		Release|Any CPU = Release|Any CPU
	EndGlobalSection
	GlobalSection(ProjectConfigurationPlatforms) = postSolution
		{40A706CE-1BA0-480E-9C78-1E8359C68BF9}.Debug|Any CPU.ActiveCfg = Debug|Any CPU
		{40A706CE-1BA0-480E-9C78-1E8359C68BF9}.Debug|Any CPU.Build.0 = Debug|Any CPU
		{40A706CE-1BA0-480E-9C78-1E8359C68BF9}.Release|Any CPU.ActiveCfg = Release|Any CPU
		{40A706CE-1BA0-480E-9C78-1E8359C68BF9}.Release|Any CPU.Build.0 = Release|Any CPU
	EndGlobalSection
	GlobalSection(SolutionProperties) = preSolution
		HideSolutionNode = FALSE
	EndGlobalSection
	GlobalSection(ExtensibilityGlobals) = postSolution
		SolutionGuid = {36314EDF-2FC5-4D3B-9805-2D4FA264B181}
	EndGlobalSection
EndGlobal
